// !$*UTF8*$!
{
	archiveVersion = 1;
	classes = {
	};
	objectVersion = 48;
	objects = {

/* Begin PBXBuildFile section */
		0A3C924A20F2391D0070C39A /* MusicCacheCenter.m in Sources */ = {isa = PBXBuildFile; fileRef = 0A3C924920F2391D0070C39A /* MusicCacheCenter.m */; };
		0AC1DDA820EB182200C15573 /* TFHpple.framework in Frameworks */ = {isa = PBXBuildFile; fileRef = 0AC1DDA720EB182200C15573 /* TFHpple.framework */; };
		0AC1DDAB20EB273900C15573 /* BlueMusicPlayListModel.m in Sources */ = {isa = PBXBuildFile; fileRef = 0AC1DDAA20EB273900C15573 /* BlueMusicPlayListModel.m */; };
		0AC979EA20EE163400AC3885 /* PlaylistCV.m in Sources */ = {isa = PBXBuildFile; fileRef = 0AC979E920EE163400AC3885 /* PlaylistCV.m */; };
		0AC979EC20EF938700AC3885 /* request_netease.js in Resources */ = {isa = PBXBuildFile; fileRef = 0AC979EB20EF938700AC3885 /* request_netease.js */; };
		0AC97A0320EFBD4E00AC3885 /* MusicImage.m in Sources */ = {isa = PBXBuildFile; fileRef = 0AC97A0220EFBD4E00AC3885 /* MusicImage.m */; };
		0AC97A1620EFC63900AC3885 /* icons.bundle in Resources */ = {isa = PBXBuildFile; fileRef = 0AC97A1520EFC63900AC3885 /* icons.bundle */; };
		0AC97A1920F064EC00AC3885 /* SongListCell.m in Sources */ = {isa = PBXBuildFile; fileRef = 0AC97A1820F064EC00AC3885 /* SongListCell.m */; };
		0AC97A1C20F11F0F00AC3885 /* SongHalfActionView.m in Sources */ = {isa = PBXBuildFile; fileRef = 0AC97A1B20F11F0F00AC3885 /* SongHalfActionView.m */; };
		0AE3F4B120EB77A6002B3357 /* MusicPLCell.m in Sources */ = {isa = PBXBuildFile; fileRef = 0AE3F4B020EB77A6002B3357 /* MusicPLCell.m */; };
		0AE3F4B420EB8185002B3357 /* PLDetailVC.m in Sources */ = {isa = PBXBuildFile; fileRef = 0AE3F4B320EB8185002B3357 /* PLDetailVC.m */; };
		0AE3F4BD20EDB838002B3357 /* HomeVC.m in Sources */ = {isa = PBXBuildFile; fileRef = 0AE3F4BC20EDB838002B3357 /* HomeVC.m */; };
		2B620F0A2CBCC41C5C7A61C1 /* Pods_blueMusic.framework in Frameworks */ = {isa = PBXBuildFile; fileRef = 26583FEA1E3F4033BD8976F9 /* Pods_blueMusic.framework */; };
		E62989031FE274B4006F9B71 /* AppDelegate.m in Sources */ = {isa = PBXBuildFile; fileRef = E62989021FE274B4006F9B71 /* AppDelegate.m */; };
		E62989091FE274B4006F9B71 /* Main.storyboard in Resources */ = {isa = PBXBuildFile; fileRef = E62989071FE274B4006F9B71 /* Main.storyboard */; };
		E629890B1FE274B4006F9B71 /* Assets.xcassets in Resources */ = {isa = PBXBuildFile; fileRef = E629890A1FE274B4006F9B71 /* Assets.xcassets */; };
		E629890E1FE274B4006F9B71 /* LaunchScreen.storyboard in Resources */ = {isa = PBXBuildFile; fileRef = E629890C1FE274B4006F9B71 /* LaunchScreen.storyboard */; };
		E62989111FE274B4006F9B71 /* main.m in Sources */ = {isa = PBXBuildFile; fileRef = E62989101FE274B4006F9B71 /* main.m */; };
		E629893B1FE280DA006F9B71 /* RootTabBarController.m in Sources */ = {isa = PBXBuildFile; fileRef = E629892D1FE280D9006F9B71 /* RootTabBarController.m */; };
		E629893C1FE280DA006F9B71 /* LoginViewController.m in Sources */ = {isa = PBXBuildFile; fileRef = E629892E1FE280D9006F9B71 /* LoginViewController.m */; };
		E62A2E6020E317F100CCDABD /* BlueMusicModel.m in Sources */ = {isa = PBXBuildFile; fileRef = E62A2E5F20E317F100CCDABD /* BlueMusicModel.m */; };
		E6634C2020E89C9300655ADD /* SecurityUtil.m in Sources */ = {isa = PBXBuildFile; fileRef = E6634C1F20E89C9300655ADD /* SecurityUtil.m */; };
		E6634C2320E89D1000655ADD /* NSData+Encryption.m in Sources */ = {isa = PBXBuildFile; fileRef = E6634C2220E89D1000655ADD /* NSData+Encryption.m */; };
		E6634C2720E8B46E00655ADD /* JavaScriptCore.framework in Frameworks */ = {isa = PBXBuildFile; fileRef = E6634C2620E8B46E00655ADD /* JavaScriptCore.framework */; };
		E6634C4720E8BDAA00655ADD /* lastfm.js in Resources */ = {isa = PBXBuildFile; fileRef = E6634C2D20E8BDA900655ADD /* lastfm.js */; };
		E6634C4820E8BDAA00655ADD /* lowebutil.js in Resources */ = {isa = PBXBuildFile; fileRef = E6634C2E20E8BDA900655ADD /* lowebutil.js */; };
		E6634C4920E8BDAA00655ADD /* myplaylist.js in Resources */ = {isa = PBXBuildFile; fileRef = E6634C2F20E8BDA900655ADD /* myplaylist.js */; };
		E6634C4A20E8BDAA00655ADD /* oauth_callback.js in Resources */ = {isa = PBXBuildFile; fileRef = E6634C3020E8BDA900655ADD /* oauth_callback.js */; };
		E6634C4B20E8BDAA00655ADD /* github_api.js in Resources */ = {isa = PBXBuildFile; fileRef = E6634C3120E8BDA900655ADD /* github_api.js */; };
		E6634C4C20E8BDAA00655ADD /* background.js in Resources */ = {isa = PBXBuildFile; fileRef = E6634C3220E8BDA900655ADD /* background.js */; };
		E6634C4D20E8BDAA00655ADD /* loweb.js in Resources */ = {isa = PBXBuildFile; fileRef = E6634C3320E8BDA900655ADD /* loweb.js */; };
		E6634C4E20E8BDAA00655ADD /* xiami.js in Resources */ = {isa = PBXBuildFile; fileRef = E6634C3520E8BDA900655ADD /* xiami.js */; };
		E6634C4F20E8BDAA00655ADD /* qq.js in Resources */ = {isa = PBXBuildFile; fileRef = E6634C3620E8BDA900655ADD /* qq.js */; };
		E6634C5020E8BDAA00655ADD /* kuwo.js in Resources */ = {isa = PBXBuildFile; fileRef = E6634C3720E8BDA900655ADD /* kuwo.js */; };
		E6634C5120E8BDAA00655ADD /* kugou.js in Resources */ = {isa = PBXBuildFile; fileRef = E6634C3820E8BDA900655ADD /* kugou.js */; };
		E6634C5220E8BDAA00655ADD /* netease.js in Resources */ = {isa = PBXBuildFile; fileRef = E6634C3920E8BDA900655ADD /* netease.js */; };
		E6634C5320E8BDAA00655ADD /* github.js in Resources */ = {isa = PBXBuildFile; fileRef = E6634C3A20E8BDA900655ADD /* github.js */; };
		E6634C5420E8BDAA00655ADD /* app.js in Resources */ = {isa = PBXBuildFile; fileRef = E6634C3B20E8BDA900655ADD /* app.js */; };
		E6634C5520E8BDAA00655ADD /* aes.js in Resources */ = {isa = PBXBuildFile; fileRef = E6634C3D20E8BDA900655ADD /* aes.js */; };
		E6634C5620E8BDAA00655ADD /* angular.min.js in Resources */ = {isa = PBXBuildFile; fileRef = E6634C3E20E8BDA900655ADD /* angular.min.js */; };
		E6634C5720E8BDAA00655ADD /* timer.js in Resources */ = {isa = PBXBuildFile; fileRef = E6634C3F20E8BDA900655ADD /* timer.js */; };
		E6634C5820E8BDAA00655ADD /* angular-ui-notification.js in Resources */ = {isa = PBXBuildFile; fileRef = E6634C4020E8BDA900655ADD /* angular-ui-notification.js */; };
		E6634C5920E8BDAA00655ADD /* angular-soundmanager2.js in Resources */ = {isa = PBXBuildFile; fileRef = E6634C4120E8BDA900655ADD /* angular-soundmanager2.js */; };
		E6634C5A20E8BDAA00655ADD /* hotkeys.js in Resources */ = {isa = PBXBuildFile; fileRef = E6634C4220E8BDA900655ADD /* hotkeys.js */; };
		E6634C5B20E8BDAA00655ADD /* bigint.js in Resources */ = {isa = PBXBuildFile; fileRef = E6634C4320E8BDA900655ADD /* bigint.js */; };
		E6634C5C20E8BDAA00655ADD /* async.min.js in Resources */ = {isa = PBXBuildFile; fileRef = E6634C4420E8BDA900655ADD /* async.min.js */; };
		E6634C5D20E8BDAA00655ADD /* jquery-2.2.3.min.js in Resources */ = {isa = PBXBuildFile; fileRef = E6634C4520E8BDA900655ADD /* jquery-2.2.3.min.js */; };
		E6634C5E20E8BDAA00655ADD /* md5.js in Resources */ = {isa = PBXBuildFile; fileRef = E6634C4620E8BDA900655ADD /* md5.js */; };
		E67C901220EE5FF1001C0D31 /* MusicNetWorkCenter.m in Sources */ = {isa = PBXBuildFile; fileRef = E67C901120EE5FF1001C0D31 /* MusicNetWorkCenter.m */; };
		E67C901520EE61AD001C0D31 /* MusicDataCenter.m in Sources */ = {isa = PBXBuildFile; fileRef = E67C901420EE61AD001C0D31 /* MusicDataCenter.m */; };
		E6C4C7FA1FE28364005DDE0F /* MusicModel.m in Sources */ = {isa = PBXBuildFile; fileRef = E6C4C7F61FE28364005DDE0F /* MusicModel.m */; };
		E6C4C7FB1FE28364005DDE0F /* LyricModel.m in Sources */ = {isa = PBXBuildFile; fileRef = E6C4C7F71FE28364005DDE0F /* LyricModel.m */; };
		E6C4C8001FE2836C005DDE0F /* songPlayView.m in Sources */ = {isa = PBXBuildFile; fileRef = E6C4C7FD1FE2836C005DDE0F /* songPlayView.m */; };
		E6C4C8011FE2836C005DDE0F /* MusicListTableViewCell.m in Sources */ = {isa = PBXBuildFile; fileRef = E6C4C7FE1FE2836C005DDE0F /* MusicListTableViewCell.m */; };
		E6C4C8061FE28374005DDE0F /* MusicDataHandle.m in Sources */ = {isa = PBXBuildFile; fileRef = E6C4C8041FE28373005DDE0F /* MusicDataHandle.m */; };
		E6C4C8071FE28374005DDE0F /* MusicPlayerHandle.m in Sources */ = {isa = PBXBuildFile; fileRef = E6C4C8051FE28374005DDE0F /* MusicPlayerHandle.m */; };
		E6C4C80A1FE283B8005DDE0F /* LyricHandle.m in Sources */ = {isa = PBXBuildFile; fileRef = E6C4C8081FE283B7005DDE0F /* LyricHandle.m */; };
		E6C6BA2A20FF758000BE1D5C /* UIImageView+bbx_blurImage.m in Sources */ = {isa = PBXBuildFile; fileRef = E6C6BA2920FF758000BE1D5C /* UIImageView+bbx_blurImage.m */; };
		E6FC60D420F7965100F9D8D1 /* DownloadSongOneVC.m in Sources */ = {isa = PBXBuildFile; fileRef = E6FC60D320F7965100F9D8D1 /* DownloadSongOneVC.m */; };
		E6FC60D720F829E200F9D8D1 /* localMusicVC.m in Sources */ = {isa = PBXBuildFile; fileRef = E6FC60D620F829E200F9D8D1 /* localMusicVC.m */; };
/* End PBXBuildFile section */

/* Begin PBXFileReference section */
		0A3C924820F2391D0070C39A /* MusicCacheCenter.h */ = {isa = PBXFileReference; lastKnownFileType = sourcecode.c.h; path = MusicCacheCenter.h; sourceTree = "<group>"; };
		0A3C924920F2391D0070C39A /* MusicCacheCenter.m */ = {isa = PBXFileReference; lastKnownFileType = sourcecode.c.objc; path = MusicCacheCenter.m; sourceTree = "<group>"; };
		0AC1DDA720EB182200C15573 /* TFHpple.framework */ = {isa = PBXFileReference; explicitFileType = wrapper.framework; path = TFHpple.framework; sourceTree = BUILT_PRODUCTS_DIR; };
		0AC1DDA920EB273900C15573 /* BlueMusicPlayListModel.h */ = {isa = PBXFileReference; lastKnownFileType = sourcecode.c.h; path = BlueMusicPlayListModel.h; sourceTree = "<group>"; };
		0AC1DDAA20EB273900C15573 /* BlueMusicPlayListModel.m */ = {isa = PBXFileReference; lastKnownFileType = sourcecode.c.objc; path = BlueMusicPlayListModel.m; sourceTree = "<group>"; };
		0AC979E820EE163400AC3885 /* PlaylistCV.h */ = {isa = PBXFileReference; lastKnownFileType = sourcecode.c.h; path = PlaylistCV.h; sourceTree = "<group>"; };
		0AC979E920EE163400AC3885 /* PlaylistCV.m */ = {isa = PBXFileReference; lastKnownFileType = sourcecode.c.objc; path = PlaylistCV.m; sourceTree = "<group>"; };
		0AC979EB20EF938700AC3885 /* request_netease.js */ = {isa = PBXFileReference; fileEncoding = 4; lastKnownFileType = sourcecode.javascript; path = request_netease.js; sourceTree = "<group>"; };
		0AC97A0120EFBD4E00AC3885 /* MusicImage.h */ = {isa = PBXFileReference; lastKnownFileType = sourcecode.c.h; path = MusicImage.h; sourceTree = "<group>"; };
		0AC97A0220EFBD4E00AC3885 /* MusicImage.m */ = {isa = PBXFileReference; lastKnownFileType = sourcecode.c.objc; path = MusicImage.m; sourceTree = "<group>"; };
		0AC97A1520EFC63900AC3885 /* icons.bundle */ = {isa = PBXFileReference; lastKnownFileType = "wrapper.plug-in"; path = icons.bundle; sourceTree = "<group>"; };
		0AC97A1720F064EC00AC3885 /* SongListCell.h */ = {isa = PBXFileReference; lastKnownFileType = sourcecode.c.h; path = SongListCell.h; sourceTree = "<group>"; };
		0AC97A1820F064EC00AC3885 /* SongListCell.m */ = {isa = PBXFileReference; lastKnownFileType = sourcecode.c.objc; path = SongListCell.m; sourceTree = "<group>"; };
		0AC97A1A20F11F0F00AC3885 /* SongHalfActionView.h */ = {isa = PBXFileReference; lastKnownFileType = sourcecode.c.h; path = SongHalfActionView.h; sourceTree = "<group>"; };
		0AC97A1B20F11F0F00AC3885 /* SongHalfActionView.m */ = {isa = PBXFileReference; lastKnownFileType = sourcecode.c.objc; path = SongHalfActionView.m; sourceTree = "<group>"; };
		0AE3F4AF20EB77A6002B3357 /* MusicPLCell.h */ = {isa = PBXFileReference; lastKnownFileType = sourcecode.c.h; path = MusicPLCell.h; sourceTree = "<group>"; };
		0AE3F4B020EB77A6002B3357 /* MusicPLCell.m */ = {isa = PBXFileReference; lastKnownFileType = sourcecode.c.objc; path = MusicPLCell.m; sourceTree = "<group>"; };
		0AE3F4B220EB8185002B3357 /* PLDetailVC.h */ = {isa = PBXFileReference; lastKnownFileType = sourcecode.c.h; path = PLDetailVC.h; sourceTree = "<group>"; };
		0AE3F4B320EB8185002B3357 /* PLDetailVC.m */ = {isa = PBXFileReference; lastKnownFileType = sourcecode.c.objc; path = PLDetailVC.m; sourceTree = "<group>"; };
		0AE3F4BB20EDB838002B3357 /* HomeVC.h */ = {isa = PBXFileReference; lastKnownFileType = sourcecode.c.h; path = HomeVC.h; sourceTree = "<group>"; };
		0AE3F4BC20EDB838002B3357 /* HomeVC.m */ = {isa = PBXFileReference; lastKnownFileType = sourcecode.c.objc; path = HomeVC.m; sourceTree = "<group>"; };
		26583FEA1E3F4033BD8976F9 /* Pods_blueMusic.framework */ = {isa = PBXFileReference; explicitFileType = wrapper.framework; includeInIndex = 0; path = Pods_blueMusic.framework; sourceTree = BUILT_PRODUCTS_DIR; };
		3A85CAC3391D158371F209A3 /* Pods-blueMusic.release.xcconfig */ = {isa = PBXFileReference; includeInIndex = 1; lastKnownFileType = text.xcconfig; name = "Pods-blueMusic.release.xcconfig"; path = "Pods/Target Support Files/Pods-blueMusic/Pods-blueMusic.release.xcconfig"; sourceTree = "<group>"; };
		E62988FE1FE274B4006F9B71 /* blueMusic.app */ = {isa = PBXFileReference; explicitFileType = wrapper.application; includeInIndex = 0; path = blueMusic.app; sourceTree = BUILT_PRODUCTS_DIR; };
		E62989011FE274B4006F9B71 /* AppDelegate.h */ = {isa = PBXFileReference; lastKnownFileType = sourcecode.c.h; path = AppDelegate.h; sourceTree = "<group>"; };
		E62989021FE274B4006F9B71 /* AppDelegate.m */ = {isa = PBXFileReference; lastKnownFileType = sourcecode.c.objc; path = AppDelegate.m; sourceTree = "<group>"; };
		E62989081FE274B4006F9B71 /* Base */ = {isa = PBXFileReference; lastKnownFileType = file.storyboard; name = Base; path = Base.lproj/Main.storyboard; sourceTree = "<group>"; };
		E629890A1FE274B4006F9B71 /* Assets.xcassets */ = {isa = PBXFileReference; lastKnownFileType = folder.assetcatalog; path = Assets.xcassets; sourceTree = "<group>"; };
		E629890D1FE274B4006F9B71 /* Base */ = {isa = PBXFileReference; lastKnownFileType = file.storyboard; name = Base; path = Base.lproj/LaunchScreen.storyboard; sourceTree = "<group>"; };
		E629890F1FE274B4006F9B71 /* Info.plist */ = {isa = PBXFileReference; lastKnownFileType = text.plist.xml; path = Info.plist; sourceTree = "<group>"; };
		E62989101FE274B4006F9B71 /* main.m */ = {isa = PBXFileReference; lastKnownFileType = sourcecode.c.objc; path = main.m; sourceTree = "<group>"; };
		E629892D1FE280D9006F9B71 /* RootTabBarController.m */ = {isa = PBXFileReference; fileEncoding = 4; lastKnownFileType = sourcecode.c.objc; path = RootTabBarController.m; sourceTree = "<group>"; };
		E629892E1FE280D9006F9B71 /* LoginViewController.m */ = {isa = PBXFileReference; fileEncoding = 4; lastKnownFileType = sourcecode.c.objc; path = LoginViewController.m; sourceTree = "<group>"; };
		E629892F1FE280D9006F9B71 /* LoginViewController.h */ = {isa = PBXFileReference; fileEncoding = 4; lastKnownFileType = sourcecode.c.h; path = LoginViewController.h; sourceTree = "<group>"; };
		E62989311FE280D9006F9B71 /* RootTabBarController.h */ = {isa = PBXFileReference; fileEncoding = 4; lastKnownFileType = sourcecode.c.h; path = RootTabBarController.h; sourceTree = "<group>"; };
		E62A2E5E20E317F100CCDABD /* BlueMusicModel.h */ = {isa = PBXFileReference; lastKnownFileType = sourcecode.c.h; path = BlueMusicModel.h; sourceTree = "<group>"; };
		E62A2E5F20E317F100CCDABD /* BlueMusicModel.m */ = {isa = PBXFileReference; lastKnownFileType = sourcecode.c.objc; path = BlueMusicModel.m; sourceTree = "<group>"; };
		E6634C1E20E89C9300655ADD /* SecurityUtil.h */ = {isa = PBXFileReference; lastKnownFileType = sourcecode.c.h; path = SecurityUtil.h; sourceTree = "<group>"; };
		E6634C1F20E89C9300655ADD /* SecurityUtil.m */ = {isa = PBXFileReference; lastKnownFileType = sourcecode.c.objc; path = SecurityUtil.m; sourceTree = "<group>"; };
		E6634C2120E89D1000655ADD /* NSData+Encryption.h */ = {isa = PBXFileReference; lastKnownFileType = sourcecode.c.h; path = "NSData+Encryption.h"; sourceTree = "<group>"; };
		E6634C2220E89D1000655ADD /* NSData+Encryption.m */ = {isa = PBXFileReference; lastKnownFileType = sourcecode.c.objc; path = "NSData+Encryption.m"; sourceTree = "<group>"; };
		E6634C2620E8B46E00655ADD /* JavaScriptCore.framework */ = {isa = PBXFileReference; lastKnownFileType = wrapper.framework; name = JavaScriptCore.framework; path = System/Library/Frameworks/JavaScriptCore.framework; sourceTree = SDKROOT; };
		E6634C2D20E8BDA900655ADD /* lastfm.js */ = {isa = PBXFileReference; fileEncoding = 4; lastKnownFileType = sourcecode.javascript; path = lastfm.js; sourceTree = "<group>"; };
		E6634C2E20E8BDA900655ADD /* lowebutil.js */ = {isa = PBXFileReference; fileEncoding = 4; lastKnownFileType = sourcecode.javascript; path = lowebutil.js; sourceTree = "<group>"; };
		E6634C2F20E8BDA900655ADD /* myplaylist.js */ = {isa = PBXFileReference; fileEncoding = 4; lastKnownFileType = sourcecode.javascript; path = myplaylist.js; sourceTree = "<group>"; };
		E6634C3020E8BDA900655ADD /* oauth_callback.js */ = {isa = PBXFileReference; fileEncoding = 4; lastKnownFileType = sourcecode.javascript; path = oauth_callback.js; sourceTree = "<group>"; };
		E6634C3120E8BDA900655ADD /* github_api.js */ = {isa = PBXFileReference; fileEncoding = 4; lastKnownFileType = sourcecode.javascript; path = github_api.js; sourceTree = "<group>"; };
		E6634C3220E8BDA900655ADD /* background.js */ = {isa = PBXFileReference; fileEncoding = 4; lastKnownFileType = sourcecode.javascript; path = background.js; sourceTree = "<group>"; };
		E6634C3320E8BDA900655ADD /* loweb.js */ = {isa = PBXFileReference; fileEncoding = 4; lastKnownFileType = sourcecode.javascript; path = loweb.js; sourceTree = "<group>"; };
		E6634C3520E8BDA900655ADD /* xiami.js */ = {isa = PBXFileReference; fileEncoding = 4; lastKnownFileType = sourcecode.javascript; path = xiami.js; sourceTree = "<group>"; };
		E6634C3620E8BDA900655ADD /* qq.js */ = {isa = PBXFileReference; fileEncoding = 4; lastKnownFileType = sourcecode.javascript; path = qq.js; sourceTree = "<group>"; };
		E6634C3720E8BDA900655ADD /* kuwo.js */ = {isa = PBXFileReference; fileEncoding = 4; lastKnownFileType = sourcecode.javascript; path = kuwo.js; sourceTree = "<group>"; };
		E6634C3820E8BDA900655ADD /* kugou.js */ = {isa = PBXFileReference; fileEncoding = 4; lastKnownFileType = sourcecode.javascript; path = kugou.js; sourceTree = "<group>"; };
		E6634C3920E8BDA900655ADD /* netease.js */ = {isa = PBXFileReference; fileEncoding = 4; lastKnownFileType = sourcecode.javascript; path = netease.js; sourceTree = "<group>"; };
		E6634C3A20E8BDA900655ADD /* github.js */ = {isa = PBXFileReference; fileEncoding = 4; lastKnownFileType = sourcecode.javascript; path = github.js; sourceTree = "<group>"; };
		E6634C3B20E8BDA900655ADD /* app.js */ = {isa = PBXFileReference; fileEncoding = 4; lastKnownFileType = sourcecode.javascript; path = app.js; sourceTree = "<group>"; };
		E6634C3D20E8BDA900655ADD /* aes.js */ = {isa = PBXFileReference; fileEncoding = 4; lastKnownFileType = sourcecode.javascript; path = aes.js; sourceTree = "<group>"; };
		E6634C3E20E8BDA900655ADD /* angular.min.js */ = {isa = PBXFileReference; fileEncoding = 4; lastKnownFileType = sourcecode.javascript; path = angular.min.js; sourceTree = "<group>"; };
		E6634C3F20E8BDA900655ADD /* timer.js */ = {isa = PBXFileReference; fileEncoding = 4; lastKnownFileType = sourcecode.javascript; path = timer.js; sourceTree = "<group>"; };
		E6634C4020E8BDA900655ADD /* angular-ui-notification.js */ = {isa = PBXFileReference; fileEncoding = 4; lastKnownFileType = sourcecode.javascript; path = "angular-ui-notification.js"; sourceTree = "<group>"; };
		E6634C4120E8BDA900655ADD /* angular-soundmanager2.js */ = {isa = PBXFileReference; fileEncoding = 4; lastKnownFileType = sourcecode.javascript; path = "angular-soundmanager2.js"; sourceTree = "<group>"; };
		E6634C4220E8BDA900655ADD /* hotkeys.js */ = {isa = PBXFileReference; fileEncoding = 4; lastKnownFileType = sourcecode.javascript; path = hotkeys.js; sourceTree = "<group>"; };
		E6634C4320E8BDA900655ADD /* bigint.js */ = {isa = PBXFileReference; fileEncoding = 4; lastKnownFileType = sourcecode.javascript; path = bigint.js; sourceTree = "<group>"; };
		E6634C4420E8BDA900655ADD /* async.min.js */ = {isa = PBXFileReference; fileEncoding = 4; lastKnownFileType = sourcecode.javascript; path = async.min.js; sourceTree = "<group>"; };
		E6634C4520E8BDA900655ADD /* jquery-2.2.3.min.js */ = {isa = PBXFileReference; fileEncoding = 4; lastKnownFileType = sourcecode.javascript; path = "jquery-2.2.3.min.js"; sourceTree = "<group>"; };
		E6634C4620E8BDA900655ADD /* md5.js */ = {isa = PBXFileReference; fileEncoding = 4; lastKnownFileType = sourcecode.javascript; path = md5.js; sourceTree = "<group>"; };
		E67C901020EE5FF1001C0D31 /* MusicNetWorkCenter.h */ = {isa = PBXFileReference; lastKnownFileType = sourcecode.c.h; path = MusicNetWorkCenter.h; sourceTree = "<group>"; };
		E67C901120EE5FF1001C0D31 /* MusicNetWorkCenter.m */ = {isa = PBXFileReference; lastKnownFileType = sourcecode.c.objc; path = MusicNetWorkCenter.m; sourceTree = "<group>"; };
		E67C901320EE61AD001C0D31 /* MusicDataCenter.h */ = {isa = PBXFileReference; lastKnownFileType = sourcecode.c.h; path = MusicDataCenter.h; sourceTree = "<group>"; };
		E67C901420EE61AD001C0D31 /* MusicDataCenter.m */ = {isa = PBXFileReference; lastKnownFileType = sourcecode.c.objc; path = MusicDataCenter.m; sourceTree = "<group>"; };
		E67C901620EE6673001C0D31 /* MusicConstants.h */ = {isa = PBXFileReference; lastKnownFileType = sourcecode.c.h; path = MusicConstants.h; sourceTree = "<group>"; };
		E6C4C7F51FE28355005DDE0F /* Headers.h */ = {isa = PBXFileReference; fileEncoding = 4; lastKnownFileType = sourcecode.c.h; path = Headers.h; sourceTree = "<group>"; };
		E6C4C7F61FE28364005DDE0F /* MusicModel.m */ = {isa = PBXFileReference; fileEncoding = 4; lastKnownFileType = sourcecode.c.objc; path = MusicModel.m; sourceTree = "<group>"; };
		E6C4C7F71FE28364005DDE0F /* LyricModel.m */ = {isa = PBXFileReference; fileEncoding = 4; lastKnownFileType = sourcecode.c.objc; path = LyricModel.m; sourceTree = "<group>"; };
		E6C4C7F81FE28364005DDE0F /* MusicModel.h */ = {isa = PBXFileReference; fileEncoding = 4; lastKnownFileType = sourcecode.c.h; path = MusicModel.h; sourceTree = "<group>"; };
		E6C4C7F91FE28364005DDE0F /* LyricModel.h */ = {isa = PBXFileReference; fileEncoding = 4; lastKnownFileType = sourcecode.c.h; path = LyricModel.h; sourceTree = "<group>"; };
		E6C4C7FC1FE2836C005DDE0F /* MusicListTableViewCell.h */ = {isa = PBXFileReference; fileEncoding = 4; lastKnownFileType = sourcecode.c.h; path = MusicListTableViewCell.h; sourceTree = "<group>"; };
		E6C4C7FD1FE2836C005DDE0F /* songPlayView.m */ = {isa = PBXFileReference; fileEncoding = 4; lastKnownFileType = sourcecode.c.objc; path = songPlayView.m; sourceTree = "<group>"; };
		E6C4C7FE1FE2836C005DDE0F /* MusicListTableViewCell.m */ = {isa = PBXFileReference; fileEncoding = 4; lastKnownFileType = sourcecode.c.objc; path = MusicListTableViewCell.m; sourceTree = "<group>"; };
		E6C4C7FF1FE2836C005DDE0F /* songPlayView.h */ = {isa = PBXFileReference; fileEncoding = 4; lastKnownFileType = sourcecode.c.h; path = songPlayView.h; sourceTree = "<group>"; };
		E6C4C8021FE28373005DDE0F /* MusicPlayerHandle.h */ = {isa = PBXFileReference; fileEncoding = 4; lastKnownFileType = sourcecode.c.h; path = MusicPlayerHandle.h; sourceTree = "<group>"; };
		E6C4C8031FE28373005DDE0F /* MusicDataHandle.h */ = {isa = PBXFileReference; fileEncoding = 4; lastKnownFileType = sourcecode.c.h; path = MusicDataHandle.h; sourceTree = "<group>"; };
		E6C4C8041FE28373005DDE0F /* MusicDataHandle.m */ = {isa = PBXFileReference; fileEncoding = 4; lastKnownFileType = sourcecode.c.objc; path = MusicDataHandle.m; sourceTree = "<group>"; };
		E6C4C8051FE28374005DDE0F /* MusicPlayerHandle.m */ = {isa = PBXFileReference; fileEncoding = 4; lastKnownFileType = sourcecode.c.objc; path = MusicPlayerHandle.m; sourceTree = "<group>"; };
		E6C4C8081FE283B7005DDE0F /* LyricHandle.m */ = {isa = PBXFileReference; fileEncoding = 4; lastKnownFileType = sourcecode.c.objc; path = LyricHandle.m; sourceTree = "<group>"; };
		E6C4C8091FE283B8005DDE0F /* LyricHandle.h */ = {isa = PBXFileReference; fileEncoding = 4; lastKnownFileType = sourcecode.c.h; path = LyricHandle.h; sourceTree = "<group>"; };
		E6C6BA2820FF758000BE1D5C /* UIImageView+bbx_blurImage.h */ = {isa = PBXFileReference; lastKnownFileType = sourcecode.c.h; path = "UIImageView+bbx_blurImage.h"; sourceTree = "<group>"; };
		E6C6BA2920FF758000BE1D5C /* UIImageView+bbx_blurImage.m */ = {isa = PBXFileReference; lastKnownFileType = sourcecode.c.objc; path = "UIImageView+bbx_blurImage.m"; sourceTree = "<group>"; };
		E6FC60D220F7965100F9D8D1 /* DownloadSongOneVC.h */ = {isa = PBXFileReference; lastKnownFileType = sourcecode.c.h; path = DownloadSongOneVC.h; sourceTree = "<group>"; };
		E6FC60D320F7965100F9D8D1 /* DownloadSongOneVC.m */ = {isa = PBXFileReference; lastKnownFileType = sourcecode.c.objc; path = DownloadSongOneVC.m; sourceTree = "<group>"; };
		E6FC60D520F829E200F9D8D1 /* localMusicVC.h */ = {isa = PBXFileReference; lastKnownFileType = sourcecode.c.h; path = localMusicVC.h; sourceTree = "<group>"; };
		E6FC60D620F829E200F9D8D1 /* localMusicVC.m */ = {isa = PBXFileReference; lastKnownFileType = sourcecode.c.objc; path = localMusicVC.m; sourceTree = "<group>"; };
		F65E5E8FA33FBA12A2268A82 /* Pods-blueMusic.debug.xcconfig */ = {isa = PBXFileReference; includeInIndex = 1; lastKnownFileType = text.xcconfig; name = "Pods-blueMusic.debug.xcconfig"; path = "Pods/Target Support Files/Pods-blueMusic/Pods-blueMusic.debug.xcconfig"; sourceTree = "<group>"; };
/* End PBXFileReference section */

/* Begin PBXFrameworksBuildPhase section */
		E62988FB1FE274B4006F9B71 /* Frameworks */ = {
			isa = PBXFrameworksBuildPhase;
			buildActionMask = 2147483647;
			files = (
				0AC1DDA820EB182200C15573 /* TFHpple.framework in Frameworks */,
				E6634C2720E8B46E00655ADD /* JavaScriptCore.framework in Frameworks */,
				2B620F0A2CBCC41C5C7A61C1 /* Pods_blueMusic.framework in Frameworks */,
			);
			runOnlyForDeploymentPostprocessing = 0;
		};
/* End PBXFrameworksBuildPhase section */

/* Begin PBXGroup section */
		0AE3F4BA20EDB81E002B3357 /* MainVC */ = {
			isa = PBXGroup;
			children = (
				0AE3F4BB20EDB838002B3357 /* HomeVC.h */,
				0AE3F4BC20EDB838002B3357 /* HomeVC.m */,
				0AC979E820EE163400AC3885 /* PlaylistCV.h */,
				0AC979E920EE163400AC3885 /* PlaylistCV.m */,
				0AE3F4B220EB8185002B3357 /* PLDetailVC.h */,
				0AE3F4B320EB8185002B3357 /* PLDetailVC.m */,
				0AC97A1720F064EC00AC3885 /* SongListCell.h */,
				0AC97A1820F064EC00AC3885 /* SongListCell.m */,
				0AC97A1A20F11F0F00AC3885 /* SongHalfActionView.h */,
				0AC97A1B20F11F0F00AC3885 /* SongHalfActionView.m */,
				E6FC60D220F7965100F9D8D1 /* DownloadSongOneVC.h */,
				E6FC60D320F7965100F9D8D1 /* DownloadSongOneVC.m */,
			);
			path = MainVC;
			sourceTree = "<group>";
		};
		4CD57B5AAC2B87ED5468E14C /* Pods */ = {
			isa = PBXGroup;
			children = (
				F65E5E8FA33FBA12A2268A82 /* Pods-blueMusic.debug.xcconfig */,
				3A85CAC3391D158371F209A3 /* Pods-blueMusic.release.xcconfig */,
			);
			name = Pods;
			sourceTree = "<group>";
		};
		566357055D6A2418115ECAC0 /* Frameworks */ = {
			isa = PBXGroup;
			children = (
				0AC1DDA720EB182200C15573 /* TFHpple.framework */,
				E6634C2620E8B46E00655ADD /* JavaScriptCore.framework */,
				26583FEA1E3F4033BD8976F9 /* Pods_blueMusic.framework */,
			);
			name = Frameworks;
			sourceTree = "<group>";
		};
		E62988F51FE274B4006F9B71 = {
			isa = PBXGroup;
			children = (
				E62989001FE274B4006F9B71 /* blueMusic */,
				E62988FF1FE274B4006F9B71 /* Products */,
				4CD57B5AAC2B87ED5468E14C /* Pods */,
				566357055D6A2418115ECAC0 /* Frameworks */,
			);
			sourceTree = "<group>";
		};
		E62988FF1FE274B4006F9B71 /* Products */ = {
			isa = PBXGroup;
			children = (
				E62988FE1FE274B4006F9B71 /* blueMusic.app */,
			);
			name = Products;
			sourceTree = "<group>";
		};
		E62989001FE274B4006F9B71 /* blueMusic */ = {
			isa = PBXGroup;
			children = (
				E67C900F20EE5FD2001C0D31 /* MainToolCenter */,
				0AE3F4BA20EDB81E002B3357 /* MainVC */,
				E6634C2C20E8BDA900655ADD /* js */,
				E629890F1FE274B4006F9B71 /* Info.plist */,
				E62989421FE280FE006F9B71 /* Helper */,
				E62989411FE280F9006F9B71 /* View */,
				E62989401FE280F4006F9B71 /* Model */,
				E629892A1FE2803C006F9B71 /* ViewController */,
				E62989171FE27CA1006F9B71 /* Main */,
				0AC97A1520EFC63900AC3885 /* icons.bundle */,
			);
			path = blueMusic;
			sourceTree = "<group>";
		};
		E62989171FE27CA1006F9B71 /* Main */ = {
			isa = PBXGroup;
			children = (
				E6C4C7F51FE28355005DDE0F /* Headers.h */,
				E62989011FE274B4006F9B71 /* AppDelegate.h */,
				E62989021FE274B4006F9B71 /* AppDelegate.m */,
				E62989071FE274B4006F9B71 /* Main.storyboard */,
				E629890A1FE274B4006F9B71 /* Assets.xcassets */,
				E629890C1FE274B4006F9B71 /* LaunchScreen.storyboard */,
				E62989101FE274B4006F9B71 /* main.m */,
			);
			path = Main;
			sourceTree = "<group>";
		};
		E629892A1FE2803C006F9B71 /* ViewController */ = {
			isa = PBXGroup;
			children = (
				E629892F1FE280D9006F9B71 /* LoginViewController.h */,
				E629892E1FE280D9006F9B71 /* LoginViewController.m */,
				E6FC60D520F829E200F9D8D1 /* localMusicVC.h */,
				E6FC60D620F829E200F9D8D1 /* localMusicVC.m */,
				E62989311FE280D9006F9B71 /* RootTabBarController.h */,
				E629892D1FE280D9006F9B71 /* RootTabBarController.m */,
			);
			path = ViewController;
			sourceTree = "<group>";
		};
		E62989401FE280F4006F9B71 /* Model */ = {
			isa = PBXGroup;
			children = (
				E6C4C7F91FE28364005DDE0F /* LyricModel.h */,
				E6C4C7F71FE28364005DDE0F /* LyricModel.m */,
				E6C4C7F81FE28364005DDE0F /* MusicModel.h */,
				E6C4C7F61FE28364005DDE0F /* MusicModel.m */,
				E62A2E5E20E317F100CCDABD /* BlueMusicModel.h */,
				E62A2E5F20E317F100CCDABD /* BlueMusicModel.m */,
				0AC1DDA920EB273900C15573 /* BlueMusicPlayListModel.h */,
				0AC1DDAA20EB273900C15573 /* BlueMusicPlayListModel.m */,
			);
			path = Model;
			sourceTree = "<group>";
		};
		E62989411FE280F9006F9B71 /* View */ = {
			isa = PBXGroup;
			children = (
				E6C4C7FC1FE2836C005DDE0F /* MusicListTableViewCell.h */,
				E6C4C7FE1FE2836C005DDE0F /* MusicListTableViewCell.m */,
				E6C4C7FF1FE2836C005DDE0F /* songPlayView.h */,
				E6C4C7FD1FE2836C005DDE0F /* songPlayView.m */,
				0AE3F4AF20EB77A6002B3357 /* MusicPLCell.h */,
				0AE3F4B020EB77A6002B3357 /* MusicPLCell.m */,
			);
			path = View;
			sourceTree = "<group>";
		};
		E62989421FE280FE006F9B71 /* Helper */ = {
			isa = PBXGroup;
			children = (
				E6C4C8091FE283B8005DDE0F /* LyricHandle.h */,
				E6C4C8081FE283B7005DDE0F /* LyricHandle.m */,
				E6C4C8031FE28373005DDE0F /* MusicDataHandle.h */,
				E6C4C8041FE28373005DDE0F /* MusicDataHandle.m */,
				E6C4C8021FE28373005DDE0F /* MusicPlayerHandle.h */,
				E6C4C8051FE28374005DDE0F /* MusicPlayerHandle.m */,
				E6634C1E20E89C9300655ADD /* SecurityUtil.h */,
				E6634C1F20E89C9300655ADD /* SecurityUtil.m */,
				E6634C2120E89D1000655ADD /* NSData+Encryption.h */,
				E6634C2220E89D1000655ADD /* NSData+Encryption.m */,
				0AC97A0120EFBD4E00AC3885 /* MusicImage.h */,
				0AC97A0220EFBD4E00AC3885 /* MusicImage.m */,
			);
			path = Helper;
			sourceTree = "<group>";
		};
		E6634C2C20E8BDA900655ADD /* js */ = {
			isa = PBXGroup;
			children = (
				E6634C2D20E8BDA900655ADD /* lastfm.js */,
				E6634C2E20E8BDA900655ADD /* lowebutil.js */,
				E6634C2F20E8BDA900655ADD /* myplaylist.js */,
				E6634C3020E8BDA900655ADD /* oauth_callback.js */,
				E6634C3120E8BDA900655ADD /* github_api.js */,
				E6634C3220E8BDA900655ADD /* background.js */,
				E6634C3320E8BDA900655ADD /* loweb.js */,
				E6634C3420E8BDA900655ADD /* provider */,
				E6634C3A20E8BDA900655ADD /* github.js */,
				E6634C3B20E8BDA900655ADD /* app.js */,
				E6634C3C20E8BDA900655ADD /* vendor */,
			);
			path = js;
			sourceTree = "<group>";
		};
		E6634C3420E8BDA900655ADD /* provider */ = {
			isa = PBXGroup;
			children = (
				E6634C3520E8BDA900655ADD /* xiami.js */,
				E6634C3620E8BDA900655ADD /* qq.js */,
				E6634C3720E8BDA900655ADD /* kuwo.js */,
				E6634C3820E8BDA900655ADD /* kugou.js */,
				E6634C3920E8BDA900655ADD /* netease.js */,
			);
			path = provider;
			sourceTree = "<group>";
		};
		E6634C3C20E8BDA900655ADD /* vendor */ = {
			isa = PBXGroup;
			children = (
				E6634C3E20E8BDA900655ADD /* angular.min.js */,
				E6634C3F20E8BDA900655ADD /* timer.js */,
				E6634C4020E8BDA900655ADD /* angular-ui-notification.js */,
				E6634C4120E8BDA900655ADD /* angular-soundmanager2.js */,
				E6634C4220E8BDA900655ADD /* hotkeys.js */,
				E6634C4420E8BDA900655ADD /* async.min.js */,
				E6634C4520E8BDA900655ADD /* jquery-2.2.3.min.js */,
				E6634C4620E8BDA900655ADD /* md5.js */,
			);
			path = vendor;
			sourceTree = "<group>";
		};
		E67C900F20EE5FD2001C0D31 /* MainToolCenter */ = {
			isa = PBXGroup;
			children = (
				E67C901020EE5FF1001C0D31 /* MusicNetWorkCenter.h */,
				E67C901120EE5FF1001C0D31 /* MusicNetWorkCenter.m */,
				E67C901320EE61AD001C0D31 /* MusicDataCenter.h */,
				E67C901420EE61AD001C0D31 /* MusicDataCenter.m */,
				0A3C924820F2391D0070C39A /* MusicCacheCenter.h */,
				0A3C924920F2391D0070C39A /* MusicCacheCenter.m */,
				E67C901620EE6673001C0D31 /* MusicConstants.h */,
				0AC979EB20EF938700AC3885 /* request_netease.js */,
				E6634C3D20E8BDA900655ADD /* aes.js */,
				E6634C4320E8BDA900655ADD /* bigint.js */,
				E6C6BA2820FF758000BE1D5C /* UIImageView+bbx_blurImage.h */,
				E6C6BA2920FF758000BE1D5C /* UIImageView+bbx_blurImage.m */,
			);
			path = MainToolCenter;
			sourceTree = "<group>";
		};
/* End PBXGroup section */

/* Begin PBXNativeTarget section */
		E62988FD1FE274B4006F9B71 /* blueMusic */ = {
			isa = PBXNativeTarget;
			buildConfigurationList = E62989141FE274B4006F9B71 /* Build configuration list for PBXNativeTarget "blueMusic" */;
			buildPhases = (
				8612B19D8270058570636686 /* [CP] Check Pods Manifest.lock */,
				E62988FA1FE274B4006F9B71 /* Sources */,
				E62988FB1FE274B4006F9B71 /* Frameworks */,
				E62988FC1FE274B4006F9B71 /* Resources */,
				5798EA83D726F260543843AE /* [CP] Embed Pods Frameworks */,
			);
			buildRules = (
			);
			dependencies = (
			);
			name = blueMusic;
			productName = blueMusic;
			productReference = E62988FE1FE274B4006F9B71 /* blueMusic.app */;
			productType = "com.apple.product-type.application";
		};
/* End PBXNativeTarget section */

/* Begin PBXProject section */
		E62988F61FE274B4006F9B71 /* Project object */ = {
			isa = PBXProject;
			attributes = {
				LastUpgradeCheck = 0920;
				ORGANIZATIONNAME = biubiublue;
				TargetAttributes = {
					E62988FD1FE274B4006F9B71 = {
						CreatedOnToolsVersion = 9.2;
						ProvisioningStyle = Automatic;
						SystemCapabilities = {
							com.apple.BackgroundModes = {
								enabled = 1;
							};
						};
					};
				};
			};
			buildConfigurationList = E62988F91FE274B4006F9B71 /* Build configuration list for PBXProject "blueMusic" */;
			compatibilityVersion = "Xcode 8.0";
			developmentRegion = en;
			hasScannedForEncodings = 0;
			knownRegions = (
				en,
				Base,
			);
			mainGroup = E62988F51FE274B4006F9B71;
			productRefGroup = E62988FF1FE274B4006F9B71 /* Products */;
			projectDirPath = "";
			projectRoot = "";
			targets = (
				E62988FD1FE274B4006F9B71 /* blueMusic */,
			);
		};
/* End PBXProject section */

/* Begin PBXResourcesBuildPhase section */
		E62988FC1FE274B4006F9B71 /* Resources */ = {
			isa = PBXResourcesBuildPhase;
			buildActionMask = 2147483647;
			files = (
				E6634C5020E8BDAA00655ADD /* kuwo.js in Resources */,
				E6634C5420E8BDAA00655ADD /* app.js in Resources */,
				E6634C5A20E8BDAA00655ADD /* hotkeys.js in Resources */,
				E629890E1FE274B4006F9B71 /* LaunchScreen.storyboard in Resources */,
				E6634C4920E8BDAA00655ADD /* myplaylist.js in Resources */,
				E6634C5C20E8BDAA00655ADD /* async.min.js in Resources */,
				E6634C4C20E8BDAA00655ADD /* background.js in Resources */,
				E6634C5520E8BDAA00655ADD /* aes.js in Resources */,
				E6634C4720E8BDAA00655ADD /* lastfm.js in Resources */,
				E6634C5E20E8BDAA00655ADD /* md5.js in Resources */,
				E6634C4D20E8BDAA00655ADD /* loweb.js in Resources */,
				E6634C5320E8BDAA00655ADD /* github.js in Resources */,
				E6634C5820E8BDAA00655ADD /* angular-ui-notification.js in Resources */,
				E6634C5620E8BDAA00655ADD /* angular.min.js in Resources */,
				E6634C5B20E8BDAA00655ADD /* bigint.js in Resources */,
				E6634C5920E8BDAA00655ADD /* angular-soundmanager2.js in Resources */,
				0AC979EC20EF938700AC3885 /* request_netease.js in Resources */,
				E629890B1FE274B4006F9B71 /* Assets.xcassets in Resources */,
				E6634C4A20E8BDAA00655ADD /* oauth_callback.js in Resources */,
				E6634C4B20E8BDAA00655ADD /* github_api.js in Resources */,
				E6634C5720E8BDAA00655ADD /* timer.js in Resources */,
				0AC97A1620EFC63900AC3885 /* icons.bundle in Resources */,
				E6634C4F20E8BDAA00655ADD /* qq.js in Resources */,
				E6634C4820E8BDAA00655ADD /* lowebutil.js in Resources */,
				E6634C5D20E8BDAA00655ADD /* jquery-2.2.3.min.js in Resources */,
				E6634C5120E8BDAA00655ADD /* kugou.js in Resources */,
				E62989091FE274B4006F9B71 /* Main.storyboard in Resources */,
				E6634C5220E8BDAA00655ADD /* netease.js in Resources */,
				E6634C4E20E8BDAA00655ADD /* xiami.js in Resources */,
			);
			runOnlyForDeploymentPostprocessing = 0;
		};
/* End PBXResourcesBuildPhase section */

/* Begin PBXShellScriptBuildPhase section */
		5798EA83D726F260543843AE /* [CP] Embed Pods Frameworks */ = {
			isa = PBXShellScriptBuildPhase;
			buildActionMask = 2147483647;
			files = (
			);
			inputPaths = (
				"${SRCROOT}/Pods/Target Support Files/Pods-blueMusic/Pods-blueMusic-frameworks.sh",
				"${BUILT_PRODUCTS_DIR}/AFNetworking/AFNetworking.framework",
				"${BUILT_PRODUCTS_DIR}/AVOSCloud/AVOSCloud.framework",
				"${BUILT_PRODUCTS_DIR}/JSONModel/JSONModel.framework",
				"${BUILT_PRODUCTS_DIR}/MBProgressHUD/MBProgressHUD.framework",
				"${BUILT_PRODUCTS_DIR}/MJRefresh/MJRefresh.framework",
				"${BUILT_PRODUCTS_DIR}/Masonry/Masonry.framework",
				"${BUILT_PRODUCTS_DIR}/ReactiveCocoa/ReactiveCocoa.framework",
				"${BUILT_PRODUCTS_DIR}/ReactiveSwift/ReactiveSwift.framework",
				"${BUILT_PRODUCTS_DIR}/Result/Result.framework",
				"${BUILT_PRODUCTS_DIR}/SDWebImage/SDWebImage.framework",
				"${BUILT_PRODUCTS_DIR}/TFHpple/TFHpple.framework",
				"${BUILT_PRODUCTS_DIR}/bluebox/bluebox.framework",
			);
			name = "[CP] Embed Pods Frameworks";
			outputPaths = (
				"${TARGET_BUILD_DIR}/${FRAMEWORKS_FOLDER_PATH}/AFNetworking.framework",
				"${TARGET_BUILD_DIR}/${FRAMEWORKS_FOLDER_PATH}/AVOSCloud.framework",
				"${TARGET_BUILD_DIR}/${FRAMEWORKS_FOLDER_PATH}/JSONModel.framework",
				"${TARGET_BUILD_DIR}/${FRAMEWORKS_FOLDER_PATH}/MBProgressHUD.framework",
				"${TARGET_BUILD_DIR}/${FRAMEWORKS_FOLDER_PATH}/MJRefresh.framework",
				"${TARGET_BUILD_DIR}/${FRAMEWORKS_FOLDER_PATH}/Masonry.framework",
				"${TARGET_BUILD_DIR}/${FRAMEWORKS_FOLDER_PATH}/ReactiveCocoa.framework",
				"${TARGET_BUILD_DIR}/${FRAMEWORKS_FOLDER_PATH}/ReactiveSwift.framework",
				"${TARGET_BUILD_DIR}/${FRAMEWORKS_FOLDER_PATH}/Result.framework",
				"${TARGET_BUILD_DIR}/${FRAMEWORKS_FOLDER_PATH}/SDWebImage.framework",
				"${TARGET_BUILD_DIR}/${FRAMEWORKS_FOLDER_PATH}/TFHpple.framework",
				"${TARGET_BUILD_DIR}/${FRAMEWORKS_FOLDER_PATH}/bluebox.framework",
			);
			runOnlyForDeploymentPostprocessing = 0;
			shellPath = /bin/sh;
			shellScript = "\"${SRCROOT}/Pods/Target Support Files/Pods-blueMusic/Pods-blueMusic-frameworks.sh\"\n";
			showEnvVarsInLog = 0;
		};
		8612B19D8270058570636686 /* [CP] Check Pods Manifest.lock */ = {
			isa = PBXShellScriptBuildPhase;
			buildActionMask = 2147483647;
			files = (
			);
			inputPaths = (
				"${PODS_PODFILE_DIR_PATH}/Podfile.lock",
				"${PODS_ROOT}/Manifest.lock",
			);
			name = "[CP] Check Pods Manifest.lock";
			outputPaths = (
				"$(DERIVED_FILE_DIR)/Pods-blueMusic-checkManifestLockResult.txt",
			);
			runOnlyForDeploymentPostprocessing = 0;
			shellPath = /bin/sh;
			shellScript = "diff \"${PODS_PODFILE_DIR_PATH}/Podfile.lock\" \"${PODS_ROOT}/Manifest.lock\" > /dev/null\nif [ $? != 0 ] ; then\n    # print error to STDERR\n    echo \"error: The sandbox is not in sync with the Podfile.lock. Run 'pod install' or update your CocoaPods installation.\" >&2\n    exit 1\nfi\n# This output is used by Xcode 'outputs' to avoid re-running this script phase.\necho \"SUCCESS\" > \"${SCRIPT_OUTPUT_FILE_0}\"\n";
			showEnvVarsInLog = 0;
		};
/* End PBXShellScriptBuildPhase section */

/* Begin PBXSourcesBuildPhase section */
		E62988FA1FE274B4006F9B71 /* Sources */ = {
			isa = PBXSourcesBuildPhase;
			buildActionMask = 2147483647;
			files = (
				E629893B1FE280DA006F9B71 /* RootTabBarController.m in Sources */,
				E6C4C8061FE28374005DDE0F /* MusicDataHandle.m in Sources */,
				E6FC60D420F7965100F9D8D1 /* DownloadSongOneVC.m in Sources */,
				0AC97A1C20F11F0F00AC3885 /* SongHalfActionView.m in Sources */,
				E67C901220EE5FF1001C0D31 /* MusicNetWorkCenter.m in Sources */,
				E6C4C8001FE2836C005DDE0F /* songPlayView.m in Sources */,
				E6634C2020E89C9300655ADD /* SecurityUtil.m in Sources */,
				E67C901520EE61AD001C0D31 /* MusicDataCenter.m in Sources */,
				E6634C2320E89D1000655ADD /* NSData+Encryption.m in Sources */,
				0AE3F4BD20EDB838002B3357 /* HomeVC.m in Sources */,
				0AC979EA20EE163400AC3885 /* PlaylistCV.m in Sources */,
				0AE3F4B420EB8185002B3357 /* PLDetailVC.m in Sources */,
				E6C6BA2A20FF758000BE1D5C /* UIImageView+bbx_blurImage.m in Sources */,
				E62A2E6020E317F100CCDABD /* BlueMusicModel.m in Sources */,
				E629893C1FE280DA006F9B71 /* LoginViewController.m in Sources */,
				0AE3F4B120EB77A6002B3357 /* MusicPLCell.m in Sources */,
				0AC97A0320EFBD4E00AC3885 /* MusicImage.m in Sources */,
				E6C4C8071FE28374005DDE0F /* MusicPlayerHandle.m in Sources */,
				0AC97A1920F064EC00AC3885 /* SongListCell.m in Sources */,
				E62989111FE274B4006F9B71 /* main.m in Sources */,
				E6C4C8011FE2836C005DDE0F /* MusicListTableViewCell.m in Sources */,
				E6C4C7FA1FE28364005DDE0F /* MusicModel.m in Sources */,
				E6FC60D720F829E200F9D8D1 /* localMusicVC.m in Sources */,
				E6C4C80A1FE283B8005DDE0F /* LyricHandle.m in Sources */,
				0A3C924A20F2391D0070C39A /* MusicCacheCenter.m in Sources */,
				0AC1DDAB20EB273900C15573 /* BlueMusicPlayListModel.m in Sources */,
				E62989031FE274B4006F9B71 /* AppDelegate.m in Sources */,
				E6C4C7FB1FE28364005DDE0F /* LyricModel.m in Sources */,
			);
			runOnlyForDeploymentPostprocessing = 0;
		};
/* End PBXSourcesBuildPhase section */

/* Begin PBXVariantGroup section */
		E62989071FE274B4006F9B71 /* Main.storyboard */ = {
			isa = PBXVariantGroup;
			children = (
				E62989081FE274B4006F9B71 /* Base */,
			);
			name = Main.storyboard;
			sourceTree = "<group>";
		};
		E629890C1FE274B4006F9B71 /* LaunchScreen.storyboard */ = {
			isa = PBXVariantGroup;
			children = (
				E629890D1FE274B4006F9B71 /* Base */,
			);
			name = LaunchScreen.storyboard;
			sourceTree = "<group>";
		};
/* End PBXVariantGroup section */

/* Begin XCBuildConfiguration section */
		E62989121FE274B4006F9B71 /* Debug */ = {
			isa = XCBuildConfiguration;
			buildSettings = {
				ALWAYS_SEARCH_USER_PATHS = NO;
				CLANG_ANALYZER_NONNULL = YES;
				CLANG_ANALYZER_NUMBER_OBJECT_CONVERSION = YES_AGGRESSIVE;
				CLANG_CXX_LANGUAGE_STANDARD = "gnu++14";
				CLANG_CXX_LIBRARY = "libc++";
				CLANG_ENABLE_MODULES = YES;
				CLANG_ENABLE_OBJC_ARC = YES;
				CLANG_WARN_BLOCK_CAPTURE_AUTORELEASING = YES;
				CLANG_WARN_BOOL_CONVERSION = YES;
				CLANG_WARN_COMMA = YES;
				CLANG_WARN_CONSTANT_CONVERSION = YES;
				CLANG_WARN_DIRECT_OBJC_ISA_USAGE = YES_ERROR;
				CLANG_WARN_DOCUMENTATION_COMMENTS = YES;
				CLANG_WARN_EMPTY_BODY = YES;
				CLANG_WARN_ENUM_CONVERSION = YES;
				CLANG_WARN_INFINITE_RECURSION = YES;
				CLANG_WARN_INT_CONVERSION = YES;
				CLANG_WARN_NON_LITERAL_NULL_CONVERSION = YES;
				CLANG_WARN_OBJC_LITERAL_CONVERSION = YES;
				CLANG_WARN_OBJC_ROOT_CLASS = YES_ERROR;
				CLANG_WARN_RANGE_LOOP_ANALYSIS = YES;
				CLANG_WARN_STRICT_PROTOTYPES = YES;
				CLANG_WARN_SUSPICIOUS_MOVE = YES;
				CLANG_WARN_UNGUARDED_AVAILABILITY = YES_AGGRESSIVE;
				CLANG_WARN_UNREACHABLE_CODE = YES;
				CLANG_WARN__DUPLICATE_METHOD_MATCH = YES;
				CODE_SIGN_IDENTITY = "iPhone Developer";
				COPY_PHASE_STRIP = NO;
				DEBUG_INFORMATION_FORMAT = dwarf;
				ENABLE_STRICT_OBJC_MSGSEND = YES;
				ENABLE_TESTABILITY = YES;
				GCC_C_LANGUAGE_STANDARD = gnu11;
				GCC_DYNAMIC_NO_PIC = NO;
				GCC_NO_COMMON_BLOCKS = YES;
				GCC_OPTIMIZATION_LEVEL = 0;
				GCC_PREPROCESSOR_DEFINITIONS = (
					"DEBUG=1",
					"$(inherited)",
				);
				GCC_WARN_64_TO_32_BIT_CONVERSION = YES;
				GCC_WARN_ABOUT_RETURN_TYPE = YES_ERROR;
				GCC_WARN_UNDECLARED_SELECTOR = YES;
				GCC_WARN_UNINITIALIZED_AUTOS = YES_AGGRESSIVE;
				GCC_WARN_UNUSED_FUNCTION = YES;
				GCC_WARN_UNUSED_VARIABLE = YES;
				IPHONEOS_DEPLOYMENT_TARGET = 11.2;
				MTL_ENABLE_DEBUG_INFO = YES;
				ONLY_ACTIVE_ARCH = YES;
				SDKROOT = iphoneos;
			};
			name = Debug;
		};
		E62989131FE274B4006F9B71 /* Release */ = {
			isa = XCBuildConfiguration;
			buildSettings = {
				ALWAYS_SEARCH_USER_PATHS = NO;
				CLANG_ANALYZER_NONNULL = YES;
				CLANG_ANALYZER_NUMBER_OBJECT_CONVERSION = YES_AGGRESSIVE;
				CLANG_CXX_LANGUAGE_STANDARD = "gnu++14";
				CLANG_CXX_LIBRARY = "libc++";
				CLANG_ENABLE_MODULES = YES;
				CLANG_ENABLE_OBJC_ARC = YES;
				CLANG_WARN_BLOCK_CAPTURE_AUTORELEASING = YES;
				CLANG_WARN_BOOL_CONVERSION = YES;
				CLANG_WARN_COMMA = YES;
				CLANG_WARN_CONSTANT_CONVERSION = YES;
				CLANG_WARN_DIRECT_OBJC_ISA_USAGE = YES_ERROR;
				CLANG_WARN_DOCUMENTATION_COMMENTS = YES;
				CLANG_WARN_EMPTY_BODY = YES;
				CLANG_WARN_ENUM_CONVERSION = YES;
				CLANG_WARN_INFINITE_RECURSION = YES;
				CLANG_WARN_INT_CONVERSION = YES;
				CLANG_WARN_NON_LITERAL_NULL_CONVERSION = YES;
				CLANG_WARN_OBJC_LITERAL_CONVERSION = YES;
				CLANG_WARN_OBJC_ROOT_CLASS = YES_ERROR;
				CLANG_WARN_RANGE_LOOP_ANALYSIS = YES;
				CLANG_WARN_STRICT_PROTOTYPES = YES;
				CLANG_WARN_SUSPICIOUS_MOVE = YES;
				CLANG_WARN_UNGUARDED_AVAILABILITY = YES_AGGRESSIVE;
				CLANG_WARN_UNREACHABLE_CODE = YES;
				CLANG_WARN__DUPLICATE_METHOD_MATCH = YES;
				CODE_SIGN_IDENTITY = "iPhone Developer";
				COPY_PHASE_STRIP = NO;
				DEBUG_INFORMATION_FORMAT = "dwarf-with-dsym";
				ENABLE_NS_ASSERTIONS = NO;
				ENABLE_STRICT_OBJC_MSGSEND = YES;
				GCC_C_LANGUAGE_STANDARD = gnu11;
				GCC_NO_COMMON_BLOCKS = YES;
				GCC_WARN_64_TO_32_BIT_CONVERSION = YES;
				GCC_WARN_ABOUT_RETURN_TYPE = YES_ERROR;
				GCC_WARN_UNDECLARED_SELECTOR = YES;
				GCC_WARN_UNINITIALIZED_AUTOS = YES_AGGRESSIVE;
				GCC_WARN_UNUSED_FUNCTION = YES;
				GCC_WARN_UNUSED_VARIABLE = YES;
				IPHONEOS_DEPLOYMENT_TARGET = 11.2;
				MTL_ENABLE_DEBUG_INFO = NO;
				SDKROOT = iphoneos;
				VALIDATE_PRODUCT = YES;
			};
			name = Release;
		};
		E62989151FE274B4006F9B71 /* Debug */ = {
			isa = XCBuildConfiguration;
			baseConfigurationReference = F65E5E8FA33FBA12A2268A82 /* Pods-blueMusic.debug.xcconfig */;
			buildSettings = {
				ASSETCATALOG_COMPILER_APPICON_NAME = AppIcon;
				CODE_SIGN_IDENTITY = "iPhone Developer";
				CODE_SIGN_STYLE = Automatic;
				DEVELOPMENT_TEAM = S9HRLGS74P;
				INFOPLIST_FILE = blueMusic/Info.plist;
				IPHONEOS_DEPLOYMENT_TARGET = 10.0;
				LD_RUNPATH_SEARCH_PATHS = "$(inherited) @executable_path/Frameworks";
				PRODUCT_BUNDLE_IDENTIFIER = biubiublue.xxxmusicx;
				PRODUCT_NAME = "$(TARGET_NAME)";
				PROVISIONING_PROFILE_SPECIFIER = "";
				TARGETED_DEVICE_FAMILY = "1,2";
			};
			name = Debug;
		};
		E62989161FE274B4006F9B71 /* Release */ = {
			isa = XCBuildConfiguration;
			baseConfigurationReference = 3A85CAC3391D158371F209A3 /* Pods-blueMusic.release.xcconfig */;
			buildSettings = {
				ASSETCATALOG_COMPILER_APPICON_NAME = AppIcon;
				CODE_SIGN_IDENTITY = "iPhone Developer";
				CODE_SIGN_STYLE = Automatic;
				DEVELOPMENT_TEAM = S9HRLGS74P;
				INFOPLIST_FILE = blueMusic/Info.plist;
				IPHONEOS_DEPLOYMENT_TARGET = 10.0;
				LD_RUNPATH_SEARCH_PATHS = "$(inherited) @executable_path/Frameworks";
				PRODUCT_BUNDLE_IDENTIFIER = biubiublue.xxxmusicx;
				PRODUCT_NAME = "$(TARGET_NAME)";
				PROVISIONING_PROFILE_SPECIFIER = "";
				TARGETED_DEVICE_FAMILY = "1,2";
			};
			name = Release;
		};
/* End XCBuildConfiguration section */

/* Begin XCConfigurationList section */
		E62988F91FE274B4006F9B71 /* Build configuration list for PBXProject "blueMusic" */ = {
			isa = XCConfigurationList;
			buildConfigurations = (
				E62989121FE274B4006F9B71 /* Debug */,
				E62989131FE274B4006F9B71 /* Release */,
			);
			defaultConfigurationIsVisible = 0;
			defaultConfigurationName = Release;
		};
		E62989141FE274B4006F9B71 /* Build configuration list for PBXNativeTarget "blueMusic" */ = {
			isa = XCConfigurationList;
			buildConfigurations = (
				E62989151FE274B4006F9B71 /* Debug */,
				E62989161FE274B4006F9B71 /* Release */,
			);
			defaultConfigurationIsVisible = 0;
			defaultConfigurationName = Release;
		};
/* End XCConfigurationList section */
	};
	rootObject = E62988F61FE274B4006F9B71 /* Project object */;
}
